// !$*UTF8*$!
{
	archiveVersion = 1;
	classes = {
	};
	objectVersion = 50;
	objects = {

/* Begin PBXBuildFile section */
		2758ECED258BCE460036A89A /* hospitals.json in Resources */ = {isa = PBXBuildFile; fileRef = 2758ECEC258BCE450036A89A /* hospitals.json */; };
		276BD532258AF9D800496CF4 /* swiftUIStudyGuideApp.swift in Sources */ = {isa = PBXBuildFile; fileRef = 276BD531258AF9D800496CF4 /* swiftUIStudyGuideApp.swift */; };
		276BD534258AF9D800496CF4 /* ContentView.swift in Sources */ = {isa = PBXBuildFile; fileRef = 276BD533258AF9D800496CF4 /* ContentView.swift */; };
		276BD536258AF9DA00496CF4 /* Assets.xcassets in Resources */ = {isa = PBXBuildFile; fileRef = 276BD535258AF9DA00496CF4 /* Assets.xcassets */; };
		276BD539258AF9DB00496CF4 /* Preview Assets.xcassets in Resources */ = {isa = PBXBuildFile; fileRef = 276BD538258AF9DB00496CF4 /* Preview Assets.xcassets */; };
		276BD544258AFF8900496CF4 /* OnBoarding.swift in Sources */ = {isa = PBXBuildFile; fileRef = 276BD543258AFF8900496CF4 /* OnBoarding.swift */; };
		276BD549258B03EC00496CF4 /* ItemModel.swift in Sources */ = {isa = PBXBuildFile; fileRef = 276BD548258B03EC00496CF4 /* ItemModel.swift */; };
/* End PBXBuildFile section */

/* Begin PBXFileReference section */
		2758ECEC258BCE450036A89A /* hospitals.json */ = {isa = PBXFileReference; fileEncoding = 4; lastKnownFileType = text.json; path = hospitals.json; sourceTree = "<group>"; };
		276BD52E258AF9D800496CF4 /* swiftUIStudyGuide.app */ = {isa = PBXFileReference; explicitFileType = wrapper.application; includeInIndex = 0; path = swiftUIStudyGuide.app; sourceTree = BUILT_PRODUCTS_DIR; };
		276BD531258AF9D800496CF4 /* swiftUIStudyGuideApp.swift */ = {isa = PBXFileReference; lastKnownFileType = sourcecode.swift; path = swiftUIStudyGuideApp.swift; sourceTree = "<group>"; };
		276BD533258AF9D800496CF4 /* ContentView.swift */ = {isa = PBXFileReference; lastKnownFileType = sourcecode.swift; path = ContentView.swift; sourceTree = "<group>"; };
		276BD535258AF9DA00496CF4 /* Assets.xcassets */ = {isa = PBXFileReference; lastKnownFileType = folder.assetcatalog; path = Assets.xcassets; sourceTree = "<group>"; };
		276BD538258AF9DB00496CF4 /* Preview Assets.xcassets */ = {isa = PBXFileReference; lastKnownFileType = folder.assetcatalog; path = "Preview Assets.xcassets"; sourceTree = "<group>"; };
		276BD53A258AF9DB00496CF4 /* Info.plist */ = {isa = PBXFileReference; lastKnownFileType = text.plist.xml; path = Info.plist; sourceTree = "<group>"; };
		276BD543258AFF8900496CF4 /* OnBoarding.swift */ = {isa = PBXFileReference; lastKnownFileType = sourcecode.swift; path = OnBoarding.swift; sourceTree = "<group>"; };
		276BD548258B03EC00496CF4 /* ItemModel.swift */ = {isa = PBXFileReference; lastKnownFileType = sourcecode.swift; path = ItemModel.swift; sourceTree = "<group>"; };
/* End PBXFileReference section */

/* Begin PBXFrameworksBuildPhase section */
		276BD52B258AF9D800496CF4 /* Frameworks */ = {
			isa = PBXFrameworksBuildPhase;
			buildActionMask = 2147483647;
			files = (
			);
			runOnlyForDeploymentPostprocessing = 0;
		};
/* End PBXFrameworksBuildPhase section */

/* Begin PBXGroup section */
		276BD525258AF9D800496CF4 = {
			isa = PBXGroup;
			children = (
				276BD530258AF9D800496CF4 /* swiftUIStudyGuide */,
				276BD52F258AF9D800496CF4 /* Products */,
			);
			sourceTree = "<group>";
		};
		276BD52F258AF9D800496CF4 /* Products */ = {
			isa = PBXGroup;
			children = (
				276BD52E258AF9D800496CF4 /* swiftUIStudyGuide.app */,
			);
			name = Products;
			sourceTree = "<group>";
		};
		276BD530258AF9D800496CF4 /* swiftUIStudyGuide */ = {
			isa = PBXGroup;
			children = (
				276BD54C258BCA7B00496CF4 /* Resources */,
				276BD547258B03C900496CF4 /* Model */,
				276BD542258AFED600496CF4 /* App */,
				276BD535258AF9DA00496CF4 /* Assets.xcassets */,
				276BD53A258AF9DB00496CF4 /* Info.plist */,
				276BD537258AF9DB00496CF4 /* Preview Content */,
			);
			path = swiftUIStudyGuide;
			sourceTree = "<group>";
		};
		276BD537258AF9DB00496CF4 /* Preview Content */ = {
			isa = PBXGroup;
			children = (
				276BD538258AF9DB00496CF4 /* Preview Assets.xcassets */,
			);
			path = "Preview Content";
			sourceTree = "<group>";
		};
		276BD542258AFED600496CF4 /* App */ = {
			isa = PBXGroup;
			children = (
				276BD533258AF9D800496CF4 /* ContentView.swift */,
				276BD531258AF9D800496CF4 /* swiftUIStudyGuideApp.swift */,
				276BD543258AFF8900496CF4 /* OnBoarding.swift */,
			);
			path = App;
			sourceTree = "<group>";
		};
		276BD547258B03C900496CF4 /* Model */ = {
			isa = PBXGroup;
			children = (
				276BD548258B03EC00496CF4 /* ItemModel.swift */,
			);
			path = Model;
			sourceTree = "<group>";
		};
		276BD54C258BCA7B00496CF4 /* Resources */ = {
			isa = PBXGroup;
			children = (
				2758ECEC258BCE450036A89A /* hospitals.json */,
			);
			path = Resources;
			sourceTree = "<group>";
		};
/* End PBXGroup section */

/* Begin PBXNativeTarget section */
		276BD52D258AF9D800496CF4 /* swiftUIStudyGuide */ = {
			isa = PBXNativeTarget;
			buildConfigurationList = 276BD53D258AF9DB00496CF4 /* Build configuration list for PBXNativeTarget "swiftUIStudyGuide" */;
			buildPhases = (
				276BD52A258AF9D800496CF4 /* Sources */,
				276BD52B258AF9D800496CF4 /* Frameworks */,
				276BD52C258AF9D800496CF4 /* Resources */,
			);
			buildRules = (
			);
			dependencies = (
			);
			name = swiftUIStudyGuide;
			productName = swiftUIStudyGuide;
			productReference = 276BD52E258AF9D800496CF4 /* swiftUIStudyGuide.app */;
			productType = "com.apple.product-type.application";
		};
/* End PBXNativeTarget section */

/* Begin PBXProject section */
		276BD526258AF9D800496CF4 /* Project object */ = {
			isa = PBXProject;
			attributes = {
				LastSwiftUpdateCheck = 1230;
				LastUpgradeCheck = 1230;
				TargetAttributes = {
					276BD52D258AF9D800496CF4 = {
						CreatedOnToolsVersion = 12.3;
					};
				};
			};
			buildConfigurationList = 276BD529258AF9D800496CF4 /* Build configuration list for PBXProject "swiftUIStudyGuide" */;
			compatibilityVersion = "Xcode 9.3";
			developmentRegion = en;
			hasScannedForEncodings = 0;
			knownRegions = (
				en,
				Base,
			);
			mainGroup = 276BD525258AF9D800496CF4;
			productRefGroup = 276BD52F258AF9D800496CF4 /* Products */;
			projectDirPath = "";
			projectRoot = "";
			targets = (
				276BD52D258AF9D800496CF4 /* swiftUIStudyGuide */,
			);
		};
/* End PBXProject section */

/* Begin PBXResourcesBuildPhase section */
		276BD52C258AF9D800496CF4 /* Resources */ = {
			isa = PBXResourcesBuildPhase;
			buildActionMask = 2147483647;
			files = (
				276BD539258AF9DB00496CF4 /* Preview Assets.xcassets in Resources */,
				276BD536258AF9DA00496CF4 /* Assets.xcassets in Resources */,
				2758ECED258BCE460036A89A /* hospitals.json in Resources */,
			);
			runOnlyForDeploymentPostprocessing = 0;
		};
/* End PBXResourcesBuildPhase section */

/* Begin PBXSourcesBuildPhase section */
		276BD52A258AF9D800496CF4 /* Sources */ = {
			isa = PBXSourcesBuildPhase;
			buildActionMask = 2147483647;
			files = (
				276BD534258AF9D800496CF4 /* ContentView.swift in Sources */,
				276BD544258AFF8900496CF4 /* OnBoarding.swift in Sources */,
				276BD549258B03EC00496CF4 /* ItemModel.swift in Sources */,
				276BD532258AF9D800496CF4 /* swiftUIStudyGuideApp.swift in Sources */,
			);
			runOnlyForDeploymentPostprocessing = 0;
		};
/* End PBXSourcesBuildPhase section */

/* Begin XCBuildConfiguration section */
		276BD53B258AF9DB00496CF4 /* Debug */ = {
			isa = XCBuildConfiguration;
			buildSettings = {
				ALWAYS_SEARCH_USER_PATHS = NO;
				CLANG_ANALYZER_NONNULL = YES;
				CLANG_ANALYZER_NUMBER_OBJECT_CONVERSION = YES_AGGRESSIVE;
				CLANG_CXX_LANGUAGE_STANDARD = "gnu++14";
				CLANG_CXX_LIBRARY = "libc++";
				CLANG_ENABLE_MODULES = YES;
				CLANG_ENABLE_OBJC_ARC = YES;
				CLANG_ENABLE_OBJC_WEAK = YES;
				CLANG_WARN_BLOCK_CAPTURE_AUTORELEASING = YES;
				CLANG_WARN_BOOL_CONVERSION = YES;
				CLANG_WARN_COMMA = YES;
				CLANG_WARN_CONSTANT_CONVERSION = YES;
				CLANG_WARN_DEPRECATED_OBJC_IMPLEMENTATIONS = YES;
				CLANG_WARN_DIRECT_OBJC_ISA_USAGE = YES_ERROR;
				CLANG_WARN_DOCUMENTATION_COMMENTS = YES;
				CLANG_WARN_EMPTY_BODY = YES;
				CLANG_WARN_ENUM_CONVERSION = YES;
				CLANG_WARN_INFINITE_RECURSION = YES;
				CLANG_WARN_INT_CONVERSION = YES;
				CLANG_WARN_NON_LITERAL_NULL_CONVERSION = YES;
				CLANG_WARN_OBJC_IMPLICIT_RETAIN_SELF = YES;
				CLANG_WARN_OBJC_LITERAL_CONVERSION = YES;
				CLANG_WARN_OBJC_ROOT_CLASS = YES_ERROR;
				CLANG_WARN_QUOTED_INCLUDE_IN_FRAMEWORK_HEADER = YES;
				CLANG_WARN_RANGE_LOOP_ANALYSIS = YES;
				CLANG_WARN_STRICT_PROTOTYPES = YES;
				CLANG_WARN_SUSPICIOUS_MOVE = YES;
				CLANG_WARN_UNGUARDED_AVAILABILITY = YES_AGGRESSIVE;
				CLANG_WARN_UNREACHABLE_CODE = YES;
				CLANG_WARN__DUPLICATE_METHOD_MATCH = YES;
				COPY_PHASE_STRIP = NO;
				DEBUG_INFORMATION_FORMAT = dwarf;
				ENABLE_STRICT_OBJC_MSGSEND = YES;
				ENABLE_TESTABILITY = YES;
				GCC_C_LANGUAGE_STANDARD = gnu11;
				GCC_DYNAMIC_NO_PIC = NO;
				GCC_NO_COMMON_BLOCKS = YES;
				GCC_OPTIMIZATION_LEVEL = 0;
				GCC_PREPROCESSOR_DEFINITIONS = (
					"DEBUG=1",
					"$(inherited)",
				);
				GCC_WARN_64_TO_32_BIT_CONVERSION = YES;
				GCC_WARN_ABOUT_RETURN_TYPE = YES_ERROR;
				GCC_WARN_UNDECLARED_SELECTOR = YES;
				GCC_WARN_UNINITIALIZED_AUTOS = YES_AGGRESSIVE;
				GCC_WARN_UNUSED_FUNCTION = YES;
				GCC_WARN_UNUSED_VARIABLE = YES;
				IPHONEOS_DEPLOYMENT_TARGET = 14.3;
				MTL_ENABLE_DEBUG_INFO = INCLUDE_SOURCE;
				MTL_FAST_MATH = YES;
				ONLY_ACTIVE_ARCH = YES;
				SDKROOT = iphoneos;
				SWIFT_ACTIVE_COMPILATION_CONDITIONS = DEBUG;
				SWIFT_OPTIMIZATION_LEVEL = "-Onone";
			};
			name = Debug;
		};
		276BD53C258AF9DB00496CF4 /* Release */ = {
			isa = XCBuildConfiguration;
			buildSettings = {
				ALWAYS_SEARCH_USER_PATHS = NO;
				CLANG_ANALYZER_NONNULL = YES;
				CLANG_ANALYZER_NUMBER_OBJECT_CONVERSION = YES_AGGRESSIVE;
				CLANG_CXX_LANGUAGE_STANDARD = "gnu++14";
				CLANG_CXX_LIBRARY = "libc++";
				CLANG_ENABLE_MODULES = YES;
				CLANG_ENABLE_OBJC_ARC = YES;
				CLANG_ENABLE_OBJC_WEAK = YES;
				CLANG_WARN_BLOCK_CAPTURE_AUTORELEASING = YES;
				CLANG_WARN_BOOL_CONVERSION = YES;
				CLANG_WARN_COMMA = YES;
				CLANG_WARN_CONSTANT_CONVERSION = YES;
				CLANG_WARN_DEPRECATED_OBJC_IMPLEMENTATIONS = YES;
				CLANG_WARN_DIRECT_OBJC_ISA_USAGE = YES_ERROR;
				CLANG_WARN_DOCUMENTATION_COMMENTS = YES;
				CLANG_WARN_EMPTY_BODY = YES;
				CLANG_WARN_ENUM_CONVERSION = YES;
				CLANG_WARN_INFINITE_RECURSION = YES;
				CLANG_WARN_INT_CONVERSION = YES;
				CLANG_WARN_NON_LITERAL_NULL_CONVERSION = YES;
				CLANG_WARN_OBJC_IMPLICIT_RETAIN_SELF = YES;
				CLANG_WARN_OBJC_LITERAL_CONVERSION = YES;
				CLANG_WARN_OBJC_ROOT_CLASS = YES_ERROR;
				CLANG_WARN_QUOTED_INCLUDE_IN_FRAMEWORK_HEADER = YES;
				CLANG_WARN_RANGE_LOOP_ANALYSIS = YES;
				CLANG_WARN_STRICT_PROTOTYPES = YES;
				CLANG_WARN_SUSPICIOUS_MOVE = YES;
				CLANG_WARN_UNGUARDED_AVAILABILITY = YES_AGGRESSIVE;
				CLANG_WARN_UNREACHABLE_CODE = YES;
				CLANG_WARN__DUPLICATE_METHOD_MATCH = YES;
				COPY_PHASE_STRIP = NO;
				DEBUG_INFORMATION_FORMAT = "dwarf-with-dsym";
				ENABLE_NS_ASSERTIONS = NO;
				ENABLE_STRICT_OBJC_MSGSEND = YES;
				GCC_C_LANGUAGE_STANDARD = gnu11;
				GCC_NO_COMMON_BLOCKS = YES;
				GCC_WARN_64_TO_32_BIT_CONVERSION = YES;
				GCC_WARN_ABOUT_RETURN_TYPE = YES_ERROR;
				GCC_WARN_UNDECLARED_SELECTOR = YES;
				GCC_WARN_UNINITIALIZED_AUTOS = YES_AGGRESSIVE;
				GCC_WARN_UNUSED_FUNCTION = YES;
				GCC_WARN_UNUSED_VARIABLE = YES;
				IPHONEOS_DEPLOYMENT_TARGET = 14.3;
				MTL_ENABLE_DEBUG_INFO = NO;
				MTL_FAST_MATH = YES;
				SDKROOT = iphoneos;
				SWIFT_COMPILATION_MODE = wholemodule;
				SWIFT_OPTIMIZATION_LEVEL = "-O";
				VALIDATE_PRODUCT = YES;
			};
			name = Release;
		};
		276BD53E258AF9DB00496CF4 /* Debug */ = {
			isa = XCBuildConfiguration;
			buildSettings = {
				ASSETCATALOG_COMPILER_APPICON_NAME = AppIcon;
				ASSETCATALOG_COMPILER_GLOBAL_ACCENT_COLOR_NAME = AccentColor;
				CODE_SIGN_STYLE = Automatic;
				DEVELOPMENT_ASSET_PATHS = "\"swiftUIStudyGuide/Preview Content\"";
				DEVELOPMENT_TEAM = 239F7M5WG6;
				ENABLE_PREVIEWS = YES;
				INFOPLIST_FILE = swiftUIStudyGuide/Info.plist;
				IPHONEOS_DEPLOYMENT_TARGET = 14.0;
				LD_RUNPATH_SEARCH_PATHS = (
					"$(inherited)",
					"@executable_path/Frameworks",
				);
				PRODUCT_BUNDLE_IDENTIFIER = com.thenarrowstraits.swiftUIStudyGuide;
				PRODUCT_NAME = "$(TARGET_NAME)";
				SWIFT_VERSION = 5.0;
				TARGETED_DEVICE_FAMILY = "1,2";
			};
			name = Debug;
		};
		276BD53F258AF9DB00496CF4 /* Release */ = {
			isa = XCBuildConfiguration;
			buildSettings = {
				ASSETCATALOG_COMPILER_APPICON_NAME = AppIcon;
				ASSETCATALOG_COMPILER_GLOBAL_ACCENT_COLOR_NAME = AccentColor;
				CODE_SIGN_STYLE = Automatic;
				DEVELOPMENT_ASSET_PATHS = "\"swiftUIStudyGuide/Preview Content\"";
				DEVELOPMENT_TEAM = 239F7M5WG6;
				ENABLE_PREVIEWS = YES;
				INFOPLIST_FILE = swiftUIStudyGuide/Info.plist;
				IPHONEOS_DEPLOYMENT_TARGET = 14.0;
				LD_RUNPATH_SEARCH_PATHS = (
					"$(inherited)",
					"@executable_path/Frameworks",
				);
				PRODUCT_BUNDLE_IDENTIFIER = com.thenarrowstraits.swiftUIStudyGuide;
				PRODUCT_NAME = "$(TARGET_NAME)";
				SWIFT_VERSION = 5.0;
				TARGETED_DEVICE_FAMILY = "1,2";
			};
			name = Release;
		};
/* End XCBuildConfiguration section */

/* Begin XCConfigurationList section */
		276BD529258AF9D800496CF4 /* Build configuration list for PBXProject "swiftUIStudyGuide" */ = {
			isa = XCConfigurationList;
			buildConfigurations = (
				276BD53B258AF9DB00496CF4 /* Debug */,
				276BD53C258AF9DB00496CF4 /* Release */,
			);
			defaultConfigurationIsVisible = 0;
			defaultConfigurationName = Release;
		};
		276BD53D258AF9DB00496CF4 /* Build configuration list for PBXNativeTarget "swiftUIStudyGuide" */ = {
			isa = XCConfigurationList;
			buildConfigurations = (
				276BD53E258AF9DB00496CF4 /* Debug */,
				276BD53F258AF9DB00496CF4 /* Release */,
			);
			defaultConfigurationIsVisible = 0;
			defaultConfigurationName = Release;
		};
/* End XCConfigurationList section */
	};
	rootObject = 276BD526258AF9D800496CF4 /* Project object */;
}
